<Solution>
  <Folder Name="/Services/">
    <Project Path="AuthService.API/AuthService.API.csproj" />
    <Project Path="FileService.API/FileService.API.csproj" />
  </Folder>
  <Folder Name="/Tests/">
    <Project Path="AuthService.Tests/AuthService.Tests.csproj" />
    <Project Path="FileService.Tests/FileService.Tests.csproj" />
  </Folder>
</Solution>
